
Microsoft Visual Studio Solution File, Format Version 12.00
# Visual Studio 15
VisualStudioVersion = 15.0.27130.2027
MinimumVisualStudioVersion = 10.0.40219.1
Project("{FAE04EC0-301F-11D3-BF4B-00C04F79EFBC}") = "GomEnd.Android", "GomEnd\GomEnd.Android\GomEnd.Android.csproj", "{266290A0-0C76-4634-A1FB-907CDF47C010}"
EndProject
Project("{FAE04EC0-301F-11D3-BF4B-00C04F79EFBC}") = "GomEnd.iOS", "GomEnd\GomEnd.iOS\GomEnd.iOS.csproj", "{EA66C838-FA1D-4BFF-A6FE-8D18E741E50B}"
EndProject
Project("{FAE04EC0-301F-11D3-BF4B-00C04F79EFBC}") = "GomEnd.UWP", "GomEnd\GomEnd.UWP\GomEnd.UWP.csproj", "{9E5B8741-F265-4928-8A57-283C2410BFF2}"
EndProject
Project("{FAE04EC0-301F-11D3-BF4B-00C04F79EFBC}") = "GomEnd", "GomEnd\GomEnd\GomEnd.csproj", "{122B08CA-D6F1-4F2F-A13D-5B94E845D118}"
EndProject
Global
	GlobalSection(SolutionConfigurationPlatforms) = preSolution
		Ad-Hoc|Any CPU = Ad-Hoc|Any CPU
		Ad-Hoc|ARM = Ad-Hoc|ARM
		Ad-Hoc|iPhone = Ad-Hoc|iPhone
		Ad-Hoc|iPhoneSimulator = Ad-Hoc|iPhoneSimulator
		Ad-Hoc|x64 = Ad-Hoc|x64
		Ad-Hoc|x86 = Ad-Hoc|x86
		AppStore|Any CPU = AppStore|Any CPU
		AppStore|ARM = AppStore|ARM
		AppStore|iPhone = AppStore|iPhone
		AppStore|iPhoneSimulator = AppStore|iPhoneSimulator
		AppStore|x64 = AppStore|x64
		AppStore|x86 = AppStore|x86
		Debug|Any CPU = Debug|Any CPU
		Debug|ARM = Debug|ARM
		Debug|iPhone = Debug|iPhone
		Debug|iPhoneSimulator = Debug|iPhoneSimulator
		Debug|x64 = Debug|x64
		Debug|x86 = Debug|x86
		Release|Any CPU = Release|Any CPU
		Release|ARM = Release|ARM
		Release|iPhone = Release|iPhone
		Release|iPhoneSimulator = Release|iPhoneSimulator
		Release|x64 = Release|x64
		Release|x86 = Release|x86
	EndGlobalSection
	GlobalSection(ProjectConfigurationPlatforms) = postSolution
		{266290A0-0C76-4634-A1FB-907CDF47C010}.Ad-Hoc|Any CPU.ActiveCfg = Release|Any CPU
		{266290A0-0C76-4634-A1FB-907CDF47C010}.Ad-Hoc|Any CPU.Build.0 = Release|Any CPU
		{266290A0-0C76-4634-A1FB-907CDF47C010}.Ad-Hoc|Any CPU.Deploy.0 = Release|Any CPU
		{266290A0-0C76-4634-A1FB-907CDF47C010}.Ad-Hoc|ARM.ActiveCfg = Release|Any CPU
		{266290A0-0C76-4634-A1FB-907CDF47C010}.Ad-Hoc|ARM.Build.0 = Release|Any CPU
		{266290A0-0C76-4634-A1FB-907CDF47C010}.Ad-Hoc|ARM.Deploy.0 = Release|Any CPU
		{266290A0-0C76-4634-A1FB-907CDF47C010}.Ad-Hoc|iPhone.ActiveCfg = Release|Any CPU
		{266290A0-0C76-4634-A1FB-907CDF47C010}.Ad-Hoc|iPhone.Build.0 = Release|Any CPU
		{266290A0-0C76-4634-A1FB-907CDF47C010}.Ad-Hoc|iPhone.Deploy.0 = Release|Any CPU
		{266290A0-0C76-4634-A1FB-907CDF47C010}.Ad-Hoc|iPhoneSimulator.ActiveCfg = Release|Any CPU
		{266290A0-0C76-4634-A1FB-907CDF47C010}.Ad-Hoc|iPhoneSimulator.Build.0 = Release|Any CPU
		{266290A0-0C76-4634-A1FB-907CDF47C010}.Ad-Hoc|iPhoneSimulator.Deploy.0 = Release|Any CPU
		{266290A0-0C76-4634-A1FB-907CDF47C010}.Ad-Hoc|x64.ActiveCfg = Release|Any CPU
		{266290A0-0C76-4634-A1FB-907CDF47C010}.Ad-Hoc|x64.Build.0 = Release|Any CPU
		{266290A0-0C76-4634-A1FB-907CDF47C010}.Ad-Hoc|x64.Deploy.0 = Release|Any CPU
		{266290A0-0C76-4634-A1FB-907CDF47C010}.Ad-Hoc|x86.ActiveCfg = Release|Any CPU
		{266290A0-0C76-4634-A1FB-907CDF47C010}.Ad-Hoc|x86.Build.0 = Release|Any CPU
		{266290A0-0C76-4634-A1FB-907CDF47C010}.Ad-Hoc|x86.Deploy.0 = Release|Any CPU
		{266290A0-0C76-4634-A1FB-907CDF47C010}.AppStore|Any CPU.ActiveCfg = Release|Any CPU
		{266290A0-0C76-4634-A1FB-907CDF47C010}.AppStore|Any CPU.Build.0 = Release|Any CPU
		{266290A0-0C76-4634-A1FB-907CDF47C010}.AppStore|Any CPU.Deploy.0 = Release|Any CPU
		{266290A0-0C76-4634-A1FB-907CDF47C010}.AppStore|ARM.ActiveCfg = Release|Any CPU
		{266290A0-0C76-4634-A1FB-907CDF47C010}.AppStore|ARM.Build.0 = Release|Any CPU
		{266290A0-0C76-4634-A1FB-907CDF47C010}.AppStore|ARM.Deploy.0 = Release|Any CPU
		{266290A0-0C76-4634-A1FB-907CDF47C010}.AppStore|iPhone.ActiveCfg = Release|Any CPU
		{266290A0-0C76-4634-A1FB-907CDF47C010}.AppStore|iPhone.Build.0 = Release|Any CPU
		{266290A0-0C76-4634-A1FB-907CDF47C010}.AppStore|iPhone.Deploy.0 = Release|Any CPU
		{266290A0-0C76-4634-A1FB-907CDF47C010}.AppStore|iPhoneSimulator.ActiveCfg = Release|Any CPU
		{266290A0-0C76-4634-A1FB-907CDF47C010}.AppStore|iPhoneSimulator.Build.0 = Release|Any CPU
		{266290A0-0C76-4634-A1FB-907CDF47C010}.AppStore|iPhoneSimulator.Deploy.0 = Release|Any CPU
		{266290A0-0C76-4634-A1FB-907CDF47C010}.AppStore|x64.ActiveCfg = Release|Any CPU
		{266290A0-0C76-4634-A1FB-907CDF47C010}.AppStore|x64.Build.0 = Release|Any CPU
		{266290A0-0C76-4634-A1FB-907CDF47C010}.AppStore|x64.Deploy.0 = Release|Any CPU
		{266290A0-0C76-4634-A1FB-907CDF47C010}.AppStore|x86.ActiveCfg = Release|Any CPU
		{266290A0-0C76-4634-A1FB-907CDF47C010}.AppStore|x86.Build.0 = Release|Any CPU
		{266290A0-0C76-4634-A1FB-907CDF47C010}.AppStore|x86.Deploy.0 = Release|Any CPU
		{266290A0-0C76-4634-A1FB-907CDF47C010}.Debug|Any CPU.ActiveCfg = Debug|Any CPU
		{266290A0-0C76-4634-A1FB-907CDF47C010}.Debug|Any CPU.Build.0 = Debug|Any CPU
		{266290A0-0C76-4634-A1FB-907CDF47C010}.Debug|Any CPU.Deploy.0 = Debug|Any CPU
		{266290A0-0C76-4634-A1FB-907CDF47C010}.Debug|ARM.ActiveCfg = Debug|Any CPU
		{266290A0-0C76-4634-A1FB-907CDF47C010}.Debug|ARM.Build.0 = Debug|Any CPU
		{266290A0-0C76-4634-A1FB-907CDF47C010}.Debug|ARM.Deploy.0 = Debug|Any CPU
		{266290A0-0C76-4634-A1FB-907CDF47C010}.Debug|iPhone.ActiveCfg = Debug|Any CPU
		{266290A0-0C76-4634-A1FB-907CDF47C010}.Debug|iPhone.Build.0 = Debug|Any CPU
		{266290A0-0C76-4634-A1FB-907CDF47C010}.Debug|iPhone.Deploy.0 = Debug|Any CPU
		{266290A0-0C76-4634-A1FB-907CDF47C010}.Debug|iPhoneSimulator.ActiveCfg = Debug|Any CPU
		{266290A0-0C76-4634-A1FB-907CDF47C010}.Debug|iPhoneSimulator.Build.0 = Debug|Any CPU
		{266290A0-0C76-4634-A1FB-907CDF47C010}.Debug|iPhoneSimulator.Deploy.0 = Debug|Any CPU
		{266290A0-0C76-4634-A1FB-907CDF47C010}.Debug|x64.ActiveCfg = Debug|Any CPU
		{266290A0-0C76-4634-A1FB-907CDF47C010}.Debug|x64.Build.0 = Debug|Any CPU
		{266290A0-0C76-4634-A1FB-907CDF47C010}.Debug|x64.Deploy.0 = Debug|Any CPU
		{266290A0-0C76-4634-A1FB-907CDF47C010}.Debug|x86.ActiveCfg = Debug|Any CPU
		{266290A0-0C76-4634-A1FB-907CDF47C010}.Debug|x86.Build.0 = Debug|Any CPU
		{266290A0-0C76-4634-A1FB-907CDF47C010}.Debug|x86.Deploy.0 = Debug|Any CPU
		{266290A0-0C76-4634-A1FB-907CDF47C010}.Release|Any CPU.ActiveCfg = Release|Any CPU
		{266290A0-0C76-4634-A1FB-907CDF47C010}.Release|Any CPU.Build.0 = Release|Any CPU
		{266290A0-0C76-4634-A1FB-907CDF47C010}.Release|Any CPU.Deploy.0 = Release|Any CPU
		{266290A0-0C76-4634-A1FB-907CDF47C010}.Release|ARM.ActiveCfg = Release|Any CPU
		{266290A0-0C76-4634-A1FB-907CDF47C010}.Release|ARM.Build.0 = Release|Any CPU
		{266290A0-0C76-4634-A1FB-907CDF47C010}.Release|ARM.Deploy.0 = Release|Any CPU
		{266290A0-0C76-4634-A1FB-907CDF47C010}.Release|iPhone.ActiveCfg = Release|Any CPU
		{266290A0-0C76-4634-A1FB-907CDF47C010}.Release|iPhone.Build.0 = Release|Any CPU
		{266290A0-0C76-4634-A1FB-907CDF47C010}.Release|iPhone.Deploy.0 = Release|Any CPU
		{266290A0-0C76-4634-A1FB-907CDF47C010}.Release|iPhoneSimulator.ActiveCfg = Release|Any CPU
		{266290A0-0C76-4634-A1FB-907CDF47C010}.Release|iPhoneSimulator.Build.0 = Release|Any CPU
		{266290A0-0C76-4634-A1FB-907CDF47C010}.Release|iPhoneSimulator.Deploy.0 = Release|Any CPU
		{266290A0-0C76-4634-A1FB-907CDF47C010}.Release|x64.ActiveCfg = Release|Any CPU
		{266290A0-0C76-4634-A1FB-907CDF47C010}.Release|x64.Build.0 = Release|Any CPU
		{266290A0-0C76-4634-A1FB-907CDF47C010}.Release|x64.Deploy.0 = Release|Any CPU
		{266290A0-0C76-4634-A1FB-907CDF47C010}.Release|x86.ActiveCfg = Release|Any CPU
		{266290A0-0C76-4634-A1FB-907CDF47C010}.Release|x86.Build.0 = Release|Any CPU
		{266290A0-0C76-4634-A1FB-907CDF47C010}.Release|x86.Deploy.0 = Release|Any CPU
		{EA66C838-FA1D-4BFF-A6FE-8D18E741E50B}.Ad-Hoc|Any CPU.ActiveCfg = Ad-Hoc|iPhone
		{EA66C838-FA1D-4BFF-A6FE-8D18E741E50B}.Ad-Hoc|ARM.ActiveCfg = Ad-Hoc|iPhone
		{EA66C838-FA1D-4BFF-A6FE-8D18E741E50B}.Ad-Hoc|iPhone.ActiveCfg = Ad-Hoc|iPhone
		{EA66C838-FA1D-4BFF-A6FE-8D18E741E50B}.Ad-Hoc|iPhone.Build.0 = Ad-Hoc|iPhone
		{EA66C838-FA1D-4BFF-A6FE-8D18E741E50B}.Ad-Hoc|iPhoneSimulator.ActiveCfg = Ad-Hoc|iPhoneSimulator
		{EA66C838-FA1D-4BFF-A6FE-8D18E741E50B}.Ad-Hoc|iPhoneSimulator.Build.0 = Ad-Hoc|iPhoneSimulator
		{EA66C838-FA1D-4BFF-A6FE-8D18E741E50B}.Ad-Hoc|x64.ActiveCfg = Ad-Hoc|iPhone
		{EA66C838-FA1D-4BFF-A6FE-8D18E741E50B}.Ad-Hoc|x86.ActiveCfg = Ad-Hoc|iPhone
		{EA66C838-FA1D-4BFF-A6FE-8D18E741E50B}.AppStore|Any CPU.ActiveCfg = AppStore|iPhone
		{EA66C838-FA1D-4BFF-A6FE-8D18E741E50B}.AppStore|ARM.ActiveCfg = AppStore|iPhone
		{EA66C838-FA1D-4BFF-A6FE-8D18E741E50B}.AppStore|iPhone.ActiveCfg = AppStore|iPhone
		{EA66C838-FA1D-4BFF-A6FE-8D18E741E50B}.AppStore|iPhone.Build.0 = AppStore|iPhone
		{EA66C838-FA1D-4BFF-A6FE-8D18E741E50B}.AppStore|iPhoneSimulator.ActiveCfg = AppStore|iPhoneSimulator
		{EA66C838-FA1D-4BFF-A6FE-8D18E741E50B}.AppStore|iPhoneSimulator.Build.0 = AppStore|iPhoneSimulator
		{EA66C838-FA1D-4BFF-A6FE-8D18E741E50B}.AppStore|x64.ActiveCfg = AppStore|iPhone
		{EA66C838-FA1D-4BFF-A6FE-8D18E741E50B}.AppStore|x86.ActiveCfg = AppStore|iPhone
		{EA66C838-FA1D-4BFF-A6FE-8D18E741E50B}.Debug|Any CPU.ActiveCfg = Debug|iPhone
		{EA66C838-FA1D-4BFF-A6FE-8D18E741E50B}.Debug|ARM.ActiveCfg = Debug|iPhone
		{EA66C838-FA1D-4BFF-A6FE-8D18E741E50B}.Debug|iPhone.ActiveCfg = Debug|iPhone
		{EA66C838-FA1D-4BFF-A6FE-8D18E741E50B}.Debug|iPhone.Build.0 = Debug|iPhone
		{EA66C838-FA1D-4BFF-A6FE-8D18E741E50B}.Debug|iPhoneSimulator.ActiveCfg = Debug|iPhoneSimulator
		{EA66C838-FA1D-4BFF-A6FE-8D18E741E50B}.Debug|iPhoneSimulator.Build.0 = Debug|iPhoneSimulator
		{EA66C838-FA1D-4BFF-A6FE-8D18E741E50B}.Debug|x64.ActiveCfg = Debug|iPhone
		{EA66C838-FA1D-4BFF-A6FE-8D18E741E50B}.Debug|x86.ActiveCfg = Debug|iPhone
		{EA66C838-FA1D-4BFF-A6FE-8D18E741E50B}.Release|Any CPU.ActiveCfg = Release|iPhone
		{EA66C838-FA1D-4BFF-A6FE-8D18E741E50B}.Release|ARM.ActiveCfg = Release|iPhone
		{EA66C838-FA1D-4BFF-A6FE-8D18E741E50B}.Release|iPhone.ActiveCfg = Release|iPhone
		{EA66C838-FA1D-4BFF-A6FE-8D18E741E50B}.Release|iPhone.Build.0 = Release|iPhone
		{EA66C838-FA1D-4BFF-A6FE-8D18E741E50B}.Release|iPhoneSimulator.ActiveCfg = Release|iPhoneSimulator
		{EA66C838-FA1D-4BFF-A6FE-8D18E741E50B}.Release|iPhoneSimulator.Build.0 = Release|iPhoneSimulator
		{EA66C838-FA1D-4BFF-A6FE-8D18E741E50B}.Release|x64.ActiveCfg = Release|iPhone
		{EA66C838-FA1D-4BFF-A6FE-8D18E741E50B}.Release|x86.ActiveCfg = Release|iPhone
		{9E5B8741-F265-4928-8A57-283C2410BFF2}.Ad-Hoc|Any CPU.ActiveCfg = Release|x86
		{9E5B8741-F265-4928-8A57-283C2410BFF2}.Ad-Hoc|Any CPU.Build.0 = Release|x86
		{9E5B8741-F265-4928-8A57-283C2410BFF2}.Ad-Hoc|Any CPU.Deploy.0 = Release|x86
		{9E5B8741-F265-4928-8A57-283C2410BFF2}.Ad-Hoc|ARM.ActiveCfg = Release|ARM
		{9E5B8741-F265-4928-8A57-283C2410BFF2}.Ad-Hoc|ARM.Build.0 = Release|ARM
		{9E5B8741-F265-4928-8A57-283C2410BFF2}.Ad-Hoc|ARM.Deploy.0 = Release|ARM
		{9E5B8741-F265-4928-8A57-283C2410BFF2}.Ad-Hoc|iPhone.ActiveCfg = Release|x86
		{9E5B8741-F265-4928-8A57-283C2410BFF2}.Ad-Hoc|iPhone.Build.0 = Release|x86
		{9E5B8741-F265-4928-8A57-283C2410BFF2}.Ad-Hoc|iPhone.Deploy.0 = Release|x86
		{9E5B8741-F265-4928-8A57-283C2410BFF2}.Ad-Hoc|iPhoneSimulator.ActiveCfg = Release|x86
		{9E5B8741-F265-4928-8A57-283C2410BFF2}.Ad-Hoc|iPhoneSimulator.Build.0 = Release|x86
		{9E5B8741-F265-4928-8A57-283C2410BFF2}.Ad-Hoc|iPhoneSimulator.Deploy.0 = Release|x86
		{9E5B8741-F265-4928-8A57-283C2410BFF2}.Ad-Hoc|x64.ActiveCfg = Release|x64
		{9E5B8741-F265-4928-8A57-283C2410BFF2}.Ad-Hoc|x64.Build.0 = Release|x64
		{9E5B8741-F265-4928-8A57-283C2410BFF2}.Ad-Hoc|x64.Deploy.0 = Release|x64
		{9E5B8741-F265-4928-8A57-283C2410BFF2}.Ad-Hoc|x86.ActiveCfg = Release|x86
		{9E5B8741-F265-4928-8A57-283C2410BFF2}.Ad-Hoc|x86.Build.0 = Release|x86
		{9E5B8741-F265-4928-8A57-283C2410BFF2}.Ad-Hoc|x86.Deploy.0 = Release|x86
		{9E5B8741-F265-4928-8A57-283C2410BFF2}.AppStore|Any CPU.ActiveCfg = Release|x86
		{9E5B8741-F265-4928-8A57-283C2410BFF2}.AppStore|Any CPU.Build.0 = Release|x86
		{9E5B8741-F265-4928-8A57-283C2410BFF2}.AppStore|Any CPU.Deploy.0 = Release|x86
		{9E5B8741-F265-4928-8A57-283C2410BFF2}.AppStore|ARM.ActiveCfg = Release|ARM
		{9E5B8741-F265-4928-8A57-283C2410BFF2}.AppStore|ARM.Build.0 = Release|ARM
		{9E5B8741-F265-4928-8A57-283C2410BFF2}.AppStore|ARM.Deploy.0 = Release|ARM
		{9E5B8741-F265-4928-8A57-283C2410BFF2}.AppStore|iPhone.ActiveCfg = Release|x86
		{9E5B8741-F265-4928-8A57-283C2410BFF2}.AppStore|iPhone.Build.0 = Release|x86
		{9E5B8741-F265-4928-8A57-283C2410BFF2}.AppStore|iPhone.Deploy.0 = Release|x86
		{9E5B8741-F265-4928-8A57-283C2410BFF2}.AppStore|iPhoneSimulator.ActiveCfg = Release|x86
		{9E5B8741-F265-4928-8A57-283C2410BFF2}.AppStore|iPhoneSimulator.Build.0 = Release|x86
		{9E5B8741-F265-4928-8A57-283C2410BFF2}.AppStore|iPhoneSimulator.Deploy.0 = Release|x86
		{9E5B8741-F265-4928-8A57-283C2410BFF2}.AppStore|x64.ActiveCfg = Release|x64
		{9E5B8741-F265-4928-8A57-283C2410BFF2}.AppStore|x64.Build.0 = Release|x64
		{9E5B8741-F265-4928-8A57-283C2410BFF2}.AppStore|x64.Deploy.0 = Release|x64
		{9E5B8741-F265-4928-8A57-283C2410BFF2}.AppStore|x86.ActiveCfg = Release|x86
		{9E5B8741-F265-4928-8A57-283C2410BFF2}.AppStore|x86.Build.0 = Release|x86
		{9E5B8741-F265-4928-8A57-283C2410BFF2}.AppStore|x86.Deploy.0 = Release|x86
		{9E5B8741-F265-4928-8A57-283C2410BFF2}.Debug|Any CPU.ActiveCfg = Debug|x86
		{9E5B8741-F265-4928-8A57-283C2410BFF2}.Debug|ARM.ActiveCfg = Debug|ARM
		{9E5B8741-F265-4928-8A57-283C2410BFF2}.Debug|ARM.Build.0 = Debug|ARM
		{9E5B8741-F265-4928-8A57-283C2410BFF2}.Debug|ARM.Deploy.0 = Debug|ARM
		{9E5B8741-F265-4928-8A57-283C2410BFF2}.Debug|iPhone.ActiveCfg = Debug|x86
		{9E5B8741-F265-4928-8A57-283C2410BFF2}.Debug|iPhoneSimulator.ActiveCfg = Debug|x86
		{9E5B8741-F265-4928-8A57-283C2410BFF2}.Debug|x64.ActiveCfg = Debug|x64
		{9E5B8741-F265-4928-8A57-283C2410BFF2}.Debug|x64.Build.0 = Debug|x64
		{9E5B8741-F265-4928-8A57-283C2410BFF2}.Debug|x64.Deploy.0 = Debug|x64
		{9E5B8741-F265-4928-8A57-283C2410BFF2}.Debug|x86.ActiveCfg = Debug|x86
		{9E5B8741-F265-4928-8A57-283C2410BFF2}.Debug|x86.Build.0 = Debug|x86
		{9E5B8741-F265-4928-8A57-283C2410BFF2}.Debug|x86.Deploy.0 = Debug|x86
		{9E5B8741-F265-4928-8A57-283C2410BFF2}.Release|Any CPU.ActiveCfg = Release|x86
		{9E5B8741-F265-4928-8A57-283C2410BFF2}.Release|ARM.ActiveCfg = Release|ARM
		{9E5B8741-F265-4928-8A57-283C2410BFF2}.Release|ARM.Build.0 = Release|ARM
		{9E5B8741-F265-4928-8A57-283C2410BFF2}.Release|ARM.Deploy.0 = Release|ARM
		{9E5B8741-F265-4928-8A57-283C2410BFF2}.Release|iPhone.ActiveCfg = Release|x86
		{9E5B8741-F265-4928-8A57-283C2410BFF2}.Release|iPhoneSimulator.ActiveCfg = Release|x86
		{9E5B8741-F265-4928-8A57-283C2410BFF2}.Release|x64.ActiveCfg = Release|x64
		{9E5B8741-F265-4928-8A57-283C2410BFF2}.Release|x64.Build.0 = Release|x64
		{9E5B8741-F265-4928-8A57-283C2410BFF2}.Release|x64.Deploy.0 = Release|x64
		{9E5B8741-F265-4928-8A57-283C2410BFF2}.Release|x86.ActiveCfg = Release|x86
		{9E5B8741-F265-4928-8A57-283C2410BFF2}.Release|x86.Build.0 = Release|x86
		{9E5B8741-F265-4928-8A57-283C2410BFF2}.Release|x86.Deploy.0 = Release|x86
		{122B08CA-D6F1-4F2F-A13D-5B94E845D118}.Ad-Hoc|Any CPU.ActiveCfg = Debug|Any CPU
		{122B08CA-D6F1-4F2F-A13D-5B94E845D118}.Ad-Hoc|Any CPU.Build.0 = Debug|Any CPU
		{122B08CA-D6F1-4F2F-A13D-5B94E845D118}.Ad-Hoc|ARM.ActiveCfg = Debug|Any CPU
		{122B08CA-D6F1-4F2F-A13D-5B94E845D118}.Ad-Hoc|ARM.Build.0 = Debug|Any CPU
		{122B08CA-D6F1-4F2F-A13D-5B94E845D118}.Ad-Hoc|iPhone.ActiveCfg = Debug|Any CPU
		{122B08CA-D6F1-4F2F-A13D-5B94E845D118}.Ad-Hoc|iPhone.Build.0 = Debug|Any CPU
		{122B08CA-D6F1-4F2F-A13D-5B94E845D118}.Ad-Hoc|iPhoneSimulator.ActiveCfg = Debug|Any CPU
		{122B08CA-D6F1-4F2F-A13D-5B94E845D118}.Ad-Hoc|iPhoneSimulator.Build.0 = Debug|Any CPU
		{122B08CA-D6F1-4F2F-A13D-5B94E845D118}.Ad-Hoc|x64.ActiveCfg = Debug|Any CPU
		{122B08CA-D6F1-4F2F-A13D-5B94E845D118}.Ad-Hoc|x64.Build.0 = Debug|Any CPU
		{122B08CA-D6F1-4F2F-A13D-5B94E845D118}.Ad-Hoc|x86.ActiveCfg = Debug|Any CPU
		{122B08CA-D6F1-4F2F-A13D-5B94E845D118}.Ad-Hoc|x86.Build.0 = Debug|Any CPU
		{122B08CA-D6F1-4F2F-A13D-5B94E845D118}.AppStore|Any CPU.ActiveCfg = Debug|Any CPU
		{122B08CA-D6F1-4F2F-A13D-5B94E845D118}.AppStore|Any CPU.Build.0 = Debug|Any CPU
		{122B08CA-D6F1-4F2F-A13D-5B94E845D118}.AppStore|ARM.ActiveCfg = Debug|Any CPU
		{122B08CA-D6F1-4F2F-A13D-5B94E845D118}.AppStore|ARM.Build.0 = Debug|Any CPU
		{122B08CA-D6F1-4F2F-A13D-5B94E845D118}.AppStore|iPhone.ActiveCfg = Debug|Any CPU
		{122B08CA-D6F1-4F2F-A13D-5B94E845D118}.AppStore|iPhone.Build.0 = Debug|Any CPU
		{122B08CA-D6F1-4F2F-A13D-5B94E845D118}.AppStore|iPhoneSimulator.ActiveCfg = Debug|Any CPU
		{122B08CA-D6F1-4F2F-A13D-5B94E845D118}.AppStore|iPhoneSimulator.Build.0 = Debug|Any CPU
		{122B08CA-D6F1-4F2F-A13D-5B94E845D118}.AppStore|x64.ActiveCfg = Debug|Any CPU
		{122B08CA-D6F1-4F2F-A13D-5B94E845D118}.AppStore|x64.Build.0 = Debug|Any CPU
		{122B08CA-D6F1-4F2F-A13D-5B94E845D118}.AppStore|x86.ActiveCfg = Debug|Any CPU
		{122B08CA-D6F1-4F2F-A13D-5B94E845D118}.AppStore|x86.Build.0 = Debug|Any CPU
		{122B08CA-D6F1-4F2F-A13D-5B94E845D118}.Debug|Any CPU.ActiveCfg = Debug|Any CPU
		{122B08CA-D6F1-4F2F-A13D-5B94E845D118}.Debug|Any CPU.Build.0 = Debug|Any CPU
		{122B08CA-D6F1-4F2F-A13D-5B94E845D118}.Debug|ARM.ActiveCfg = Debug|Any CPU
		{122B08CA-D6F1-4F2F-A13D-5B94E845D118}.Debug|ARM.Build.0 = Debug|Any CPU
		{122B08CA-D6F1-4F2F-A13D-5B94E845D118}.Debug|iPhone.ActiveCfg = Debug|Any CPU
		{122B08CA-D6F1-4F2F-A13D-5B94E845D118}.Debug|iPhone.Build.0 = Debug|Any CPU
		{122B08CA-D6F1-4F2F-A13D-5B94E845D118}.Debug|iPhoneSimulator.ActiveCfg = Debug|Any CPU
		{122B08CA-D6F1-4F2F-A13D-5B94E845D118}.Debug|iPhoneSimulator.Build.0 = Debug|Any CPU
		{122B08CA-D6F1-4F2F-A13D-5B94E845D118}.Debug|x64.ActiveCfg = Debug|Any CPU
		{122B08CA-D6F1-4F2F-A13D-5B94E845D118}.Debug|x64.Build.0 = Debug|Any CPU
		{122B08CA-D6F1-4F2F-A13D-5B94E845D118}.Debug|x86.ActiveCfg = Debug|Any CPU
		{122B08CA-D6F1-4F2F-A13D-5B94E845D118}.Debug|x86.Build.0 = Debug|Any CPU
		{122B08CA-D6F1-4F2F-A13D-5B94E845D118}.Release|Any CPU.ActiveCfg = Release|Any CPU
		{122B08CA-D6F1-4F2F-A13D-5B94E845D118}.Release|Any CPU.Build.0 = Release|Any CPU
		{122B08CA-D6F1-4F2F-A13D-5B94E845D118}.Release|ARM.ActiveCfg = Release|Any CPU
		{122B08CA-D6F1-4F2F-A13D-5B94E845D118}.Release|ARM.Build.0 = Release|Any CPU
		{122B08CA-D6F1-4F2F-A13D-5B94E845D118}.Release|iPhone.ActiveCfg = Release|Any CPU
		{122B08CA-D6F1-4F2F-A13D-5B94E845D118}.Release|iPhone.Build.0 = Release|Any CPU
		{122B08CA-D6F1-4F2F-A13D-5B94E845D118}.Release|iPhoneSimulator.ActiveCfg = Release|Any CPU
		{122B08CA-D6F1-4F2F-A13D-5B94E845D118}.Release|iPhoneSimulator.Build.0 = Release|Any CPU
		{122B08CA-D6F1-4F2F-A13D-5B94E845D118}.Release|x64.ActiveCfg = Release|Any CPU
		{122B08CA-D6F1-4F2F-A13D-5B94E845D118}.Release|x64.Build.0 = Release|Any CPU
		{122B08CA-D6F1-4F2F-A13D-5B94E845D118}.Release|x86.ActiveCfg = Release|Any CPU
		{122B08CA-D6F1-4F2F-A13D-5B94E845D118}.Release|x86.Build.0 = Release|Any CPU
	EndGlobalSection
	GlobalSection(SolutionProperties) = preSolution
		HideSolutionNode = FALSE
	EndGlobalSection
	GlobalSection(ExtensibilityGlobals) = postSolution
		SolutionGuid = {7FD9B7E4-A4F4-4717-BE62-781BF9C542BE}
	EndGlobalSection
EndGlobal
